
Microsoft Visual Studio Solution File, Format Version 12.00
# Visual Studio 15
VisualStudioVersion = 15.0.27428.2005
MinimumVisualStudioVersion = 10.0.40219.1
Project("{FAE04EC0-301F-11D3-BF4B-00C04F79EFBC}") = "Algo", "Algo\Algo.csproj", "{EF0DA8C5-8627-4581-9887-5BF9240CE387}"
EndProject
Global
	GlobalSection(SolutionConfigurationPlatforms) = preSolution
		Debug|Any CPU = Debug|Any CPU
		Release|Any CPU = Release|Any CPU
	EndGlobalSection
	GlobalSection(ProjectConfigurationPlatforms) = postSolution
		{EF0DA8C5-8627-4581-9887-5BF9240CE387}.Debug|Any CPU.ActiveCfg = Debug|Any CPU
		{EF0DA8C5-8627-4581-9887-5BF9240CE387}.Debug|Any CPU.Build.0 = Debug|Any CPU
		{EF0DA8C5-8627-4581-9887-5BF9240CE387}.Release|Any CPU.ActiveCfg = Release|Any CPU
		{EF0DA8C5-8627-4581-9887-5BF9240CE387}.Release|Any CPU.Build.0 = Release|Any CPU
	EndGlobalSection
	GlobalSection(SolutionProperties) = preSolution
		HideSolutionNode = FALSE
	EndGlobalSection
	GlobalSection(ExtensibilityGlobals) = postSolution
		SolutionGuid = {FDE1AF34-646C-4677-9F49-6E72AFC1D3E8}
	EndGlobalSection
EndGlobal
